
Microsoft Visual Studio Solution File, Format Version 12.00
# Visual Studio Version 17
VisualStudioVersion = 17.8.34511.84
MinimumVisualStudioVersion = 10.0.40219.1
Project("{FAE04EC0-301F-11D3-BF4B-00C04F79EFBC}") = "UrlCryptography", "UrlCryptography\UrlCryptography.csproj", "{87EDD780-DD20-4653-9BBF-2667647017AA}"
EndProject
Global
	GlobalSection(SolutionConfigurationPlatforms) = preSolution
		Debug|Any CPU = Debug|Any CPU
		Release|Any CPU = Release|Any CPU
	EndGlobalSection
	GlobalSection(ProjectConfigurationPlatforms) = postSolution
		{87EDD780-DD20-4653-9BBF-2667647017AA}.Debug|Any CPU.ActiveCfg = Debug|Any CPU
		{87EDD780-DD20-4653-9BBF-2667647017AA}.Debug|Any CPU.Build.0 = Debug|Any CPU
		{87EDD780-DD20-4653-9BBF-2667647017AA}.Release|Any CPU.ActiveCfg = Release|Any CPU
		{87EDD780-DD20-4653-9BBF-2667647017AA}.Release|Any CPU.Build.0 = Release|Any CPU
	EndGlobalSection
	GlobalSection(SolutionProperties) = preSolution
		HideSolutionNode = FALSE
	EndGlobalSection
	GlobalSection(ExtensibilityGlobals) = postSolution
		SolutionGuid = {A3A1ACF9-E869-4CE4-AF2B-4AB44B4AB5D0}
	EndGlobalSection
EndGlobal
